
Microsoft Visual Studio Solution File, Format Version 12.00
# Visual Studio 2012
Project("{8BC9CEB8-8B4A-11D0-8D11-00A0C91BC942}") = "Project1", "Project1\Project1.vcxproj", "{BDE5DE66-AD83-499E-B1D8-47A9C077B528}"
EndProject
Global
	GlobalSection(SolutionConfigurationPlatforms) = preSolution
		Debug|Win32 = Debug|Win32
		Release|Win32 = Release|Win32
	EndGlobalSection
	GlobalSection(ProjectConfigurationPlatforms) = postSolution
		{BDE5DE66-AD83-499E-B1D8-47A9C077B528}.Debug|Win32.ActiveCfg = Debug|Win32
		{BDE5DE66-AD83-499E-B1D8-47A9C077B528}.Debug|Win32.Build.0 = Debug|Win32
		{BDE5DE66-AD83-499E-B1D8-47A9C077B528}.Release|Win32.ActiveCfg = Release|Win32
		{BDE5DE66-AD83-499E-B1D8-47A9C077B528}.Release|Win32.Build.0 = Release|Win32
	EndGlobalSection
	GlobalSection(SolutionProperties) = preSolution
		HideSolutionNode = FALSE
	EndGlobalSection
EndGlobal
