
Microsoft Visual Studio Solution File, Format Version 12.00
# Visual Studio 2012
Project("{8BC9CEB8-8B4A-11D0-8D11-00A0C91BC942}") = "Project1", "Project1.vcxproj", "{43EB3A77-EF6E-458A-9207-43D097FF3E4B}"
EndProject
Global
	GlobalSection(SolutionConfigurationPlatforms) = preSolution
		Debug|Win32 = Debug|Win32
		Release|Win32 = Release|Win32
	EndGlobalSection
	GlobalSection(ProjectConfigurationPlatforms) = postSolution
		{43EB3A77-EF6E-458A-9207-43D097FF3E4B}.Debug|Win32.ActiveCfg = Debug|Win32
		{43EB3A77-EF6E-458A-9207-43D097FF3E4B}.Debug|Win32.Build.0 = Debug|Win32
		{43EB3A77-EF6E-458A-9207-43D097FF3E4B}.Release|Win32.ActiveCfg = Release|Win32
		{43EB3A77-EF6E-458A-9207-43D097FF3E4B}.Release|Win32.Build.0 = Release|Win32
	EndGlobalSection
	GlobalSection(SolutionProperties) = preSolution
		HideSolutionNode = FALSE
	EndGlobalSection
EndGlobal
