
Microsoft Visual Studio Solution File, Format Version 12.00
# Visual Studio 2012
Project("{8BC9CEB8-8B4A-11D0-8D11-00A0C91BC942}") = "Project1", "Project1\Project1.vcxproj", "{3EE13D0A-015F-4DCE-8549-ED3ABBAE9F6A}"
EndProject
Global
	GlobalSection(SolutionConfigurationPlatforms) = preSolution
		Debug|Win32 = Debug|Win32
		Release|Win32 = Release|Win32
	EndGlobalSection
	GlobalSection(ProjectConfigurationPlatforms) = postSolution
		{3EE13D0A-015F-4DCE-8549-ED3ABBAE9F6A}.Debug|Win32.ActiveCfg = Debug|Win32
		{3EE13D0A-015F-4DCE-8549-ED3ABBAE9F6A}.Debug|Win32.Build.0 = Debug|Win32
		{3EE13D0A-015F-4DCE-8549-ED3ABBAE9F6A}.Release|Win32.ActiveCfg = Release|Win32
		{3EE13D0A-015F-4DCE-8549-ED3ABBAE9F6A}.Release|Win32.Build.0 = Release|Win32
	EndGlobalSection
	GlobalSection(SolutionProperties) = preSolution
		HideSolutionNode = FALSE
	EndGlobalSection
EndGlobal
