
Microsoft Visual Studio Solution File, Format Version 12.00
# Visual Studio 2012
Project("{8BC9CEB8-8B4A-11D0-8D11-00A0C91BC942}") = "Project1", "Project1\Project1.vcxproj", "{82520D97-FFEB-446C-BBE7-9751879C2AED}"
EndProject
Global
	GlobalSection(SolutionConfigurationPlatforms) = preSolution
		Debug|Win32 = Debug|Win32
		Release|Win32 = Release|Win32
	EndGlobalSection
	GlobalSection(ProjectConfigurationPlatforms) = postSolution
		{82520D97-FFEB-446C-BBE7-9751879C2AED}.Debug|Win32.ActiveCfg = Debug|Win32
		{82520D97-FFEB-446C-BBE7-9751879C2AED}.Debug|Win32.Build.0 = Debug|Win32
		{82520D97-FFEB-446C-BBE7-9751879C2AED}.Release|Win32.ActiveCfg = Release|Win32
		{82520D97-FFEB-446C-BBE7-9751879C2AED}.Release|Win32.Build.0 = Release|Win32
	EndGlobalSection
	GlobalSection(SolutionProperties) = preSolution
		HideSolutionNode = FALSE
	EndGlobalSection
EndGlobal
